// !$*UTF8*$!
{
	archiveVersion = 1;
	classes = {
	};
	objectVersion = 46;
	objects = {

/* Begin PBXBuildFile section */
		0518E8A81CD360BB00975F73 /* main.m in Sources */ = {isa = PBXBuildFile; fileRef = 0518E8A71CD360BB00975F73 /* main.m */; };
		0518E8AB1CD360BB00975F73 /* AppDelegate.m in Sources */ = {isa = PBXBuildFile; fileRef = 0518E8AA1CD360BB00975F73 /* AppDelegate.m */; };
		0518E8B11CD360BB00975F73 /* Main.storyboard in Resources */ = {isa = PBXBuildFile; fileRef = 0518E8AF1CD360BB00975F73 /* Main.storyboard */; };
		0518E8B31CD360BB00975F73 /* Assets.xcassets in Resources */ = {isa = PBXBuildFile; fileRef = 0518E8B21CD360BB00975F73 /* Assets.xcassets */; };
		0518E8B61CD360BB00975F73 /* LaunchScreen.storyboard in Resources */ = {isa = PBXBuildFile; fileRef = 0518E8B41CD360BB00975F73 /* LaunchScreen.storyboard */; };
		0518E8BF1CD3861100975F73 /* LeftTableViewController.m in Sources */ = {isa = PBXBuildFile; fileRef = 0518E8BE1CD3861100975F73 /* LeftTableViewController.m */; };
		0518E8C21CD38EB100975F73 /* RecentsViewController.m in Sources */ = {isa = PBXBuildFile; fileRef = 0518E8C11CD38EB100975F73 /* RecentsViewController.m */; };
		0518E8C51CD3903D00975F73 /* BaseViewController.m in Sources */ = {isa = PBXBuildFile; fileRef = 0518E8C41CD3903D00975F73 /* BaseViewController.m */; };
		CD18E8D4DAF4ABA402FB6280 /* libPods.a in Frameworks */ = {isa = PBXBuildFile; fileRef = D2E56D9B26570409C02FE7E9 /* libPods.a */; };
/* End PBXBuildFile section */

/* Begin PBXFileReference section */
		0518E8A31CD360BB00975F73 /* DrawerControllerDemo.app */ = {isa = PBXFileReference; explicitFileType = wrapper.application; includeInIndex = 0; path = DrawerControllerDemo.app; sourceTree = BUILT_PRODUCTS_DIR; };
		0518E8A71CD360BB00975F73 /* main.m */ = {isa = PBXFileReference; lastKnownFileType = sourcecode.c.objc; path = main.m; sourceTree = "<group>"; };
		0518E8A91CD360BB00975F73 /* AppDelegate.h */ = {isa = PBXFileReference; lastKnownFileType = sourcecode.c.h; path = AppDelegate.h; sourceTree = "<group>"; };
		0518E8AA1CD360BB00975F73 /* AppDelegate.m */ = {isa = PBXFileReference; lastKnownFileType = sourcecode.c.objc; path = AppDelegate.m; sourceTree = "<group>"; };
		0518E8B01CD360BB00975F73 /* Base */ = {isa = PBXFileReference; lastKnownFileType = file.storyboard; name = Base; path = Base.lproj/Main.storyboard; sourceTree = "<group>"; };
		0518E8B21CD360BB00975F73 /* Assets.xcassets */ = {isa = PBXFileReference; lastKnownFileType = folder.assetcatalog; path = Assets.xcassets; sourceTree = "<group>"; };
		0518E8B51CD360BB00975F73 /* Base */ = {isa = PBXFileReference; lastKnownFileType = file.storyboard; name = Base; path = Base.lproj/LaunchScreen.storyboard; sourceTree = "<group>"; };
		0518E8B71CD360BB00975F73 /* Info.plist */ = {isa = PBXFileReference; lastKnownFileType = text.plist.xml; path = Info.plist; sourceTree = "<group>"; };
		0518E8BD1CD3861100975F73 /* LeftTableViewController.h */ = {isa = PBXFileReference; fileEncoding = 4; lastKnownFileType = sourcecode.c.h; path = LeftTableViewController.h; sourceTree = "<group>"; };
		0518E8BE1CD3861100975F73 /* LeftTableViewController.m */ = {isa = PBXFileReference; fileEncoding = 4; lastKnownFileType = sourcecode.c.objc; path = LeftTableViewController.m; sourceTree = "<group>"; };
		0518E8C01CD38EB100975F73 /* RecentsViewController.h */ = {isa = PBXFileReference; fileEncoding = 4; lastKnownFileType = sourcecode.c.h; path = RecentsViewController.h; sourceTree = "<group>"; };
		0518E8C11CD38EB100975F73 /* RecentsViewController.m */ = {isa = PBXFileReference; fileEncoding = 4; lastKnownFileType = sourcecode.c.objc; path = RecentsViewController.m; sourceTree = "<group>"; };
		0518E8C31CD3903D00975F73 /* BaseViewController.h */ = {isa = PBXFileReference; fileEncoding = 4; lastKnownFileType = sourcecode.c.h; path = BaseViewController.h; sourceTree = "<group>"; };
		0518E8C41CD3903D00975F73 /* BaseViewController.m */ = {isa = PBXFileReference; fileEncoding = 4; lastKnownFileType = sourcecode.c.objc; path = BaseViewController.m; sourceTree = "<group>"; };
		1FBE0C4A855C229F8D428FDB /* Pods.debug.xcconfig */ = {isa = PBXFileReference; includeInIndex = 1; lastKnownFileType = text.xcconfig; name = Pods.debug.xcconfig; path = "Pods/Target Support Files/Pods/Pods.debug.xcconfig"; sourceTree = "<group>"; };
		D2E56D9B26570409C02FE7E9 /* libPods.a */ = {isa = PBXFileReference; explicitFileType = archive.ar; includeInIndex = 0; path = libPods.a; sourceTree = BUILT_PRODUCTS_DIR; };
		FBD9FD6782994AEEFA1B33A9 /* Pods.release.xcconfig */ = {isa = PBXFileReference; includeInIndex = 1; lastKnownFileType = text.xcconfig; name = Pods.release.xcconfig; path = "Pods/Target Support Files/Pods/Pods.release.xcconfig"; sourceTree = "<group>"; };
/* End PBXFileReference section */

/* Begin PBXFrameworksBuildPhase section */
		0518E8A01CD360BB00975F73 /* Frameworks */ = {
			isa = PBXFrameworksBuildPhase;
			buildActionMask = 2147483647;
			files = (
				CD18E8D4DAF4ABA402FB6280 /* libPods.a in Frameworks */,
			);
			runOnlyForDeploymentPostprocessing = 0;
		};
/* End PBXFrameworksBuildPhase section */

/* Begin PBXGroup section */
		0518E89A1CD360BB00975F73 = {
			isa = PBXGroup;
			children = (
				0518E8A51CD360BB00975F73 /* DrawerControllerDemo */,
				0518E8A41CD360BB00975F73 /* Products */,
				E2B7B93B171A0ADA604F505D /* Pods */,
				9A428D7BA662331DA00703CE /* Frameworks */,
			);
			sourceTree = "<group>";
		};
		0518E8A41CD360BB00975F73 /* Products */ = {
			isa = PBXGroup;
			children = (
				0518E8A31CD360BB00975F73 /* DrawerControllerDemo.app */,
			);
			name = Products;
			sourceTree = "<group>";
		};
		0518E8A51CD360BB00975F73 /* DrawerControllerDemo */ = {
			isa = PBXGroup;
			children = (
				0518E8A91CD360BB00975F73 /* AppDelegate.h */,
				0518E8AA1CD360BB00975F73 /* AppDelegate.m */,
				0518E8C31CD3903D00975F73 /* BaseViewController.h */,
				0518E8C41CD3903D00975F73 /* BaseViewController.m */,
				0518E8C01CD38EB100975F73 /* RecentsViewController.h */,
				0518E8C11CD38EB100975F73 /* RecentsViewController.m */,
				0518E8BD1CD3861100975F73 /* LeftTableViewController.h */,
				0518E8BE1CD3861100975F73 /* LeftTableViewController.m */,
				0518E8AF1CD360BB00975F73 /* Main.storyboard */,
				0518E8B21CD360BB00975F73 /* Assets.xcassets */,
				0518E8B41CD360BB00975F73 /* LaunchScreen.storyboard */,
				0518E8B71CD360BB00975F73 /* Info.plist */,
				0518E8A61CD360BB00975F73 /* Supporting Files */,
			);
			path = DrawerControllerDemo;
			sourceTree = "<group>";
		};
		0518E8A61CD360BB00975F73 /* Supporting Files */ = {
			isa = PBXGroup;
			children = (
				0518E8A71CD360BB00975F73 /* main.m */,
			);
			name = "Supporting Files";
			sourceTree = "<group>";
		};
		9A428D7BA662331DA00703CE /* Frameworks */ = {
			isa = PBXGroup;
			children = (
				D2E56D9B26570409C02FE7E9 /* libPods.a */,
			);
			name = Frameworks;
			sourceTree = "<group>";
		};
		E2B7B93B171A0ADA604F505D /* Pods */ = {
			isa = PBXGroup;
			children = (
				1FBE0C4A855C229F8D428FDB /* Pods.debug.xcconfig */,
				FBD9FD6782994AEEFA1B33A9 /* Pods.release.xcconfig */,
			);
			name = Pods;
			sourceTree = "<group>";
		};
/* End PBXGroup section */

/* Begin PBXNativeTarget section */
		0518E8A21CD360BB00975F73 /* DrawerControllerDemo */ = {
			isa = PBXNativeTarget;
			buildConfigurationList = 0518E8BA1CD360BB00975F73 /* Build configuration list for PBXNativeTarget "DrawerControllerDemo" */;
			buildPhases = (
				6429534145ACEB3FF52653A1 /* Check Pods Manifest.lock */,
				0518E89F1CD360BB00975F73 /* Sources */,
				0518E8A01CD360BB00975F73 /* Frameworks */,
				0518E8A11CD360BB00975F73 /* Resources */,
				339FAC833D7F2AA847EE7410 /* Embed Pods Frameworks */,
				D5F239E27EE968C794407982 /* Copy Pods Resources */,
			);
			buildRules = (
			);
			dependencies = (
			);
			name = DrawerControllerDemo;
			productName = DrawerControllerDemo;
			productReference = 0518E8A31CD360BB00975F73 /* DrawerControllerDemo.app */;
			productType = "com.apple.product-type.application";
		};
/* End PBXNativeTarget section */

/* Begin PBXProject section */
		0518E89B1CD360BB00975F73 /* Project object */ = {
			isa = PBXProject;
			attributes = {
				LastUpgradeCheck = 0730;
				ORGANIZATIONNAME = cfans;
				TargetAttributes = {
					0518E8A21CD360BB00975F73 = {
						CreatedOnToolsVersion = 7.3;
					};
				};
			};
			buildConfigurationList = 0518E89E1CD360BB00975F73 /* Build configuration list for PBXProject "DrawerControllerDemo" */;
			compatibilityVersion = "Xcode 3.2";
			developmentRegion = English;
			hasScannedForEncodings = 0;
			knownRegions = (
				en,
				Base,
			);
			mainGroup = 0518E89A1CD360BB00975F73;
			productRefGroup = 0518E8A41CD360BB00975F73 /* Products */;
			projectDirPath = "";
			projectRoot = "";
			targets = (
				0518E8A21CD360BB00975F73 /* DrawerControllerDemo */,
			);
		};
/* End PBXProject section */

/* Begin PBXResourcesBuildPhase section */
		0518E8A11CD360BB00975F73 /* Resources */ = {
			isa = PBXResourcesBuildPhase;
			buildActionMask = 2147483647;
			files = (
				0518E8B61CD360BB00975F73 /* LaunchScreen.storyboard in Resources */,
				0518E8B31CD360BB00975F73 /* Assets.xcassets in Resources */,
				0518E8B11CD360BB00975F73 /* Main.storyboard in Resources */,
			);
			runOnlyForDeploymentPostprocessing = 0;
		};
/* End PBXResourcesBuildPhase section */

/* Begin PBXShellScriptBuildPhase section */
		339FAC833D7F2AA847EE7410 /* Embed Pods Frameworks */ = {
			isa = PBXShellScriptBuildPhase;
			buildActionMask = 2147483647;
			files = (
			);
			inputPaths = (
			);
			name = "Embed Pods Frameworks";
			outputPaths = (
			);
			runOnlyForDeploymentPostprocessing = 0;
			shellPath = /bin/sh;
			shellScript = "\"${SRCROOT}/Pods/Target Support Files/Pods/Pods-frameworks.sh\"\n";
			showEnvVarsInLog = 0;
		};
		6429534145ACEB3FF52653A1 /* Check Pods Manifest.lock */ = {
			isa = PBXShellScriptBuildPhase;
			buildActionMask = 2147483647;
			files = (
			);
			inputPaths = (
			);
			name = "Check Pods Manifest.lock";
			outputPaths = (
			);
			runOnlyForDeploymentPostprocessing = 0;
			shellPath = /bin/sh;
			shellScript = "diff \"${PODS_ROOT}/../Podfile.lock\" \"${PODS_ROOT}/Manifest.lock\" > /dev/null\nif [[ $? != 0 ]] ; then\n    cat << EOM\nerror: The sandbox is not in sync with the Podfile.lock. Run 'pod install' or update your CocoaPods installation.\nEOM\n    exit 1\nfi\n";
			showEnvVarsInLog = 0;
		};
		D5F239E27EE968C794407982 /* Copy Pods Resources */ = {
			isa = PBXShellScriptBuildPhase;
			buildActionMask = 2147483647;
			files = (
			);
			inputPaths = (
			);
			name = "Copy Pods Resources";
			outputPaths = (
			);
			runOnlyForDeploymentPostprocessing = 0;
			shellPath = /bin/sh;
			shellScript = "\"${SRCROOT}/Pods/Target Support Files/Pods/Pods-resources.sh\"\n";
			showEnvVarsInLog = 0;
		};
/* End PBXShellScriptBuildPhase section */

/* Begin PBXSourcesBuildPhase section */
		0518E89F1CD360BB00975F73 /* Sources */ = {
			isa = PBXSourcesBuildPhase;
			buildActionMask = 2147483647;
			files = (
				0518E8AB1CD360BB00975F73 /* AppDelegate.m in Sources */,
				0518E8C51CD3903D00975F73 /* BaseViewController.m in Sources */,
				0518E8C21CD38EB100975F73 /* RecentsViewController.m in Sources */,
				0518E8BF1CD3861100975F73 /* LeftTableViewController.m in Sources */,
				0518E8A81CD360BB00975F73 /* main.m in Sources */,
			);
			runOnlyForDeploymentPostprocessing = 0;
		};
/* End PBXSourcesBuildPhase section */

/* Begin PBXVariantGroup section */
		0518E8AF1CD360BB00975F73 /* Main.storyboard */ = {
			isa = PBXVariantGroup;
			children = (
				0518E8B01CD360BB00975F73 /* Base */,
			);
			name = Main.storyboard;
			sourceTree = "<group>";
		};
		0518E8B41CD360BB00975F73 /* LaunchScreen.storyboard */ = {
			isa = PBXVariantGroup;
			children = (
				0518E8B51CD360BB00975F73 /* Base */,
			);
			name = LaunchScreen.storyboard;
			sourceTree = "<group>";
		};
/* End PBXVariantGroup section */

/* Begin XCBuildConfiguration section */
		0518E8B81CD360BB00975F73 /* Debug */ = {
			isa = XCBuildConfiguration;
			buildSettings = {
				ALWAYS_SEARCH_USER_PATHS = NO;
				CLANG_ANALYZER_NONNULL = YES;
				CLANG_CXX_LANGUAGE_STANDARD = "gnu++0x";
				CLANG_CXX_LIBRARY = "libc++";
				CLANG_ENABLE_MODULES = YES;
				CLANG_ENABLE_OBJC_ARC = YES;
				CLANG_WARN_BOOL_CONVERSION = YES;
				CLANG_WARN_CONSTANT_CONVERSION = YES;
				CLANG_WARN_DIRECT_OBJC_ISA_USAGE = YES_ERROR;
				CLANG_WARN_EMPTY_BODY = YES;
				CLANG_WARN_ENUM_CONVERSION = YES;
				CLANG_WARN_INT_CONVERSION = YES;
				CLANG_WARN_OBJC_ROOT_CLASS = YES_ERROR;
				CLANG_WARN_UNREACHABLE_CODE = YES;
				CLANG_WARN__DUPLICATE_METHOD_MATCH = YES;
				"CODE_SIGN_IDENTITY[sdk=iphoneos*]" = "iPhone Developer";
				COPY_PHASE_STRIP = NO;
				DEBUG_INFORMATION_FORMAT = dwarf;
				ENABLE_STRICT_OBJC_MSGSEND = YES;
				ENABLE_TESTABILITY = YES;
				GCC_C_LANGUAGE_STANDARD = gnu99;
				GCC_DYNAMIC_NO_PIC = NO;
				GCC_NO_COMMON_BLOCKS = YES;
				GCC_OPTIMIZATION_LEVEL = 0;
				GCC_PREPROCESSOR_DEFINITIONS = (
					"DEBUG=1",
					"$(inherited)",
				);
				GCC_WARN_64_TO_32_BIT_CONVERSION = YES;
				GCC_WARN_ABOUT_RETURN_TYPE = YES_ERROR;
				GCC_WARN_UNDECLARED_SELECTOR = YES;
				GCC_WARN_UNINITIALIZED_AUTOS = YES_AGGRESSIVE;
				GCC_WARN_UNUSED_FUNCTION = YES;
				GCC_WARN_UNUSED_VARIABLE = YES;
				IPHONEOS_DEPLOYMENT_TARGET = 9.3;
				MTL_ENABLE_DEBUG_INFO = YES;
				ONLY_ACTIVE_ARCH = YES;
				SDKROOT = iphoneos;
				TARGETED_DEVICE_FAMILY = "1,2";
			};
			name = Debug;
		};
		0518E8B91CD360BB00975F73 /* Release */ = {
			isa = XCBuildConfiguration;
			buildSettings = {
				ALWAYS_SEARCH_USER_PATHS = NO;
				CLANG_ANALYZER_NONNULL = YES;
				CLANG_CXX_LANGUAGE_STANDARD = "gnu++0x";
				CLANG_CXX_LIBRARY = "libc++";
				CLANG_ENABLE_MODULES = YES;
				CLANG_ENABLE_OBJC_ARC = YES;
				CLANG_WARN_BOOL_CONVERSION = YES;
				CLANG_WARN_CONSTANT_CONVERSION = YES;
				CLANG_WARN_DIRECT_OBJC_ISA_USAGE = YES_ERROR;
				CLANG_WARN_EMPTY_BODY = YES;
				CLANG_WARN_ENUM_CONVERSION = YES;
				CLANG_WARN_INT_CONVERSION = YES;
				CLANG_WARN_OBJC_ROOT_CLASS = YES_ERROR;
				CLANG_WARN_UNREACHABLE_CODE = YES;
				CLANG_WARN__DUPLICATE_METHOD_MATCH = YES;
				"CODE_SIGN_IDENTITY[sdk=iphoneos*]" = "iPhone Developer";
				COPY_PHASE_STRIP = NO;
				DEBUG_INFORMATION_FORMAT = "dwarf-with-dsym";
				ENABLE_NS_ASSERTIONS = NO;
				ENABLE_STRICT_OBJC_MSGSEND = YES;
				GCC_C_LANGUAGE_STANDARD = gnu99;
				GCC_NO_COMMON_BLOCKS = YES;
				GCC_WARN_64_TO_32_BIT_CONVERSION = YES;
				GCC_WARN_ABOUT_RETURN_TYPE = YES_ERROR;
				GCC_WARN_UNDECLARED_SELECTOR = YES;
				GCC_WARN_UNINITIALIZED_AUTOS = YES_AGGRESSIVE;
				GCC_WARN_UNUSED_FUNCTION = YES;
				GCC_WARN_UNUSED_VARIABLE = YES;
				IPHONEOS_DEPLOYMENT_TARGET = 9.3;
				MTL_ENABLE_DEBUG_INFO = NO;
				SDKROOT = iphoneos;
				TARGETED_DEVICE_FAMILY = "1,2";
				VALIDATE_PRODUCT = YES;
			};
			name = Release;
		};
		0518E8BB1CD360BB00975F73 /* Debug */ = {
			isa = XCBuildConfiguration;
			baseConfigurationReference = 1FBE0C4A855C229F8D428FDB /* Pods.debug.xcconfig */;
			buildSettings = {
				ASSETCATALOG_COMPILER_APPICON_NAME = AppIcon;
				INFOPLIST_FILE = DrawerControllerDemo/Info.plist;
				LD_RUNPATH_SEARCH_PATHS = "$(inherited) @executable_path/Frameworks";
				PRODUCT_BUNDLE_IDENTIFIER = com.cfans.demo.DrawerControllerDemo;
				PRODUCT_NAME = "$(TARGET_NAME)";
			};
			name = Debug;
		};
		0518E8BC1CD360BB00975F73 /* Release */ = {
			isa = XCBuildConfiguration;
			baseConfigurationReference = FBD9FD6782994AEEFA1B33A9 /* Pods.release.xcconfig */;
			buildSettings = {
				ASSETCATALOG_COMPILER_APPICON_NAME = AppIcon;
				INFOPLIST_FILE = DrawerControllerDemo/Info.plist;
				LD_RUNPATH_SEARCH_PATHS = "$(inherited) @executable_path/Frameworks";
				PRODUCT_BUNDLE_IDENTIFIER = com.cfans.demo.DrawerControllerDemo;
				PRODUCT_NAME = "$(TARGET_NAME)";
			};
			name = Release;
		};
/* End XCBuildConfiguration section */

/* Begin XCConfigurationList section */
		0518E89E1CD360BB00975F73 /* Build configuration list for PBXProject "DrawerControllerDemo" */ = {
			isa = XCConfigurationList;
			buildConfigurations = (
				0518E8B81CD360BB00975F73 /* Debug */,
				0518E8B91CD360BB00975F73 /* Release */,
			);
			defaultConfigurationIsVisible = 0;
			defaultConfigurationName = Release;
		};
		0518E8BA1CD360BB00975F73 /* Build configuration list for PBXNativeTarget "DrawerControllerDemo" */ = {
			isa = XCConfigurationList;
			buildConfigurations = (
				0518E8BB1CD360BB00975F73 /* Debug */,
				0518E8BC1CD360BB00975F73 /* Release */,
			);
			defaultConfigurationIsVisible = 0;
			defaultConfigurationName = Release;
		};
/* End XCConfigurationList section */
	};
	rootObject = 0518E89B1CD360BB00975F73 /* Project object */;
}
